<?xml version="1.0" encoding="utf-8"?>
<Project ToolsVersion="4.0" xmlns="http://schemas.microsoft.com/developer/msbuild/2003">
  <ItemGroup>
    <Filter Include="Map">
      <UniqueIdentifier>{09f7f0c4-9ca3-4d19-bc2d-f643b0bdd895}</UniqueIdentifier>
      <Extensions>h;cpp</Extensions>
    </Filter>
    <Filter Include="Framework">
      <UniqueIdentifier>{78259525-9608-4656-b2f6-6c4ecd4711bf}</UniqueIdentifier>
      <Extensions>h;cpp</Extensions>
    </Filter>
    <Filter Include="Game">
      <UniqueIdentifier>{ea646d49-eac2-4181-9f97-6af8ccc56cf3}</UniqueIdentifier>
      <Extensions>h;cpp</Extensions>
    </Filter>
    <Filter Include="Objects">
      <UniqueIdentifier>{93995380-89BD-4b04-88EB-625FBE52EBFB}</UniqueIdentifier>
      <Extensions>h;cpp</Extensions>
    </Filter>
    <Filter Include="Framework\BaseObject">
      <UniqueIdentifier>{59aa372f-07ff-4891-99bd-78ed947dacac}</UniqueIdentifier>
    </Filter>
    <Filter Include="Framework\Sprite">
      <UniqueIdentifier>{2316b16b-4b48-47cb-8c7b-5354eeb008b9}</UniqueIdentifier>
    </Filter>
    <Filter Include="Item">
      <UniqueIdentifier>{0beeec31-ec86-4331-899a-bc221f337dd9}</UniqueIdentifier>
    </Filter>
    <Filter Include="Menu">
      <UniqueIdentifier>{0ef54002-ea63-4b54-9ab0-1ffc93023341}</UniqueIdentifier>
    </Filter>
  </ItemGroup>
  <ItemGroup>
    <ClCompile Include="Collision.cpp">
      <Filter>Framework</Filter>
    </ClCompile>
    <ClCompile Include="KEY.cpp">
      <Filter>Framework</Filter>
    </ClCompile>
    <ClCompile Include="Keyboard.cpp">
      <Filter>Framework</Filter>
    </ClCompile>
    <ClCompile Include="MGMAnimation.cpp">
      <Filter>Framework\Sprite</Filter>
    </ClCompile>
    <ClCompile Include="MGMBox.cpp">
      <Filter>Framework\BaseObject</Filter>
    </ClCompile>
    <ClCompile Include="MGMCamera.cpp">
      <Filter>Framework</Filter>
    </ClCompile>
    <ClCompile Include="MGMDirectXTool.cpp">
      <Filter>Framework\Sprite</Filter>
    </ClCompile>
    <ClCompile Include="MGMForm.cpp">
      <Filter>Game</Filter>
    </ClCompile>
    <ClCompile Include="MGMGame.cpp">
      <Filter>Game</Filter>
    </ClCompile>
    <ClCompile Include="MGMGameTime.cpp">
      <Filter>Game</Filter>
    </ClCompile>
    <ClCompile Include="MGMMap.cpp">
      <Filter>Map</Filter>
    </ClCompile>
    <ClCompile Include="MGMMovableObject.cpp">
      <Filter>Framework\BaseObject</Filter>
    </ClCompile>
    <ClCompile Include="QuadTree.cpp">
      <Filter>Framework</Filter>
    </ClCompile>
    <ClCompile Include="QuadNode.cpp">
      <Filter>Framework</Filter>
    </ClCompile>
    <ClCompile Include="MGMTexture.cpp">
      <Filter>Framework\Sprite</Filter>
    </ClCompile>
    <ClCompile Include="MGMTileMap.cpp">
      <Filter>Map</Filter>
    </ClCompile>
    <ClCompile Include="MGMSpriteManager.cpp">
      <Filter>Framework\Sprite</Filter>
    </ClCompile>
    <ClCompile Include="MGMSprite.cpp">
      <Filter>Framework\Sprite</Filter>
    </ClCompile>
    <ClCompile Include="MGMObject.cpp">
      <Filter>Framework\BaseObject</Filter>
    </ClCompile>
    <ClCompile Include="MGMObjectsCategory.cpp">
      <Filter>Framework\BaseObject</Filter>
    </ClCompile>
    <ClCompile Include="MGMPoint.cpp">
      <Filter>Framework\BaseObject</Filter>
    </ClCompile>
    <ClCompile Include="MGMRectangle.cpp">
      <Filter>Framework\BaseObject</Filter>
    </ClCompile>
    <ClCompile Include="WinMain.cpp" />
    <ClCompile Include="MGMEnemy.cpp">
      <Filter>Framework\BaseObject</Filter>
    </ClCompile>
    <ClCompile Include="MGMStage.cpp">
      <Filter>Game</Filter>
    </ClCompile>
    <ClCompile Include="Funtion.cpp">
      <Filter>Framework</Filter>
    </ClCompile>
    <ClCompile Include="BigEye.cpp">
      <Filter>Objects</Filter>
    </ClCompile>
    <ClCompile Include="OctopusBattery.cpp">
      <Filter>Objects</Filter>
    </ClCompile>
    <ClCompile Include="PicketMan.cpp">
      <Filter>Objects</Filter>
    </ClCompile>
    <ClCompile Include="Megaman.cpp">
      <Filter>Objects</Filter>
    </ClCompile>
    <ClCompile Include="stairs.cpp">
      <Filter>Objects</Filter>
    </ClCompile>
    <ClCompile Include="MGMDelayTime.cpp">
      <Filter>Framework</Filter>
    </ClCompile>
    <ClCompile Include="MegamanBullet.cpp">
      <Filter>Objects</Filter>
    </ClCompile>
    <ClCompile Include="Blader.cpp">
      <Filter>Objects</Filter>
    </ClCompile>
    <ClCompile Include="Beak.cpp">
      <Filter>Objects</Filter>
    </ClCompile>
    <ClCompile Include="FlyingShell.cpp">
      <Filter>Objects</Filter>
    </ClCompile>
    <ClCompile Include="Flea.cpp">
      <Filter>Objects</Filter>
    </ClCompile>
    <ClCompile Include="ScrewBomber.cpp">
      <Filter>Objects</Filter>
    </ClCompile>
    <ClCompile Include="SuperCutter.cpp">
      <Filter>Objects</Filter>
    </ClCompile>
    <ClCompile Include="CutmanBullet.cpp">
      <Filter>Objects</Filter>
    </ClCompile>
    <ClCompile Include="CutMan.cpp">
      <Filter>Objects</Filter>
    </ClCompile>
    <ClCompile Include="MGMItem.cpp">
      <Filter>Framework\BaseObject</Filter>
    </ClCompile>
    <ClCompile Include="BonusBall.cpp">
      <Filter>Item</Filter>
    </ClCompile>
    <ClCompile Include="LifeEnergyBig.cpp">
      <Filter>Item</Filter>
    </ClCompile>
    <ClCompile Include="LifeEnergySmall.cpp">
      <Filter>Item</Filter>
    </ClCompile>
    <ClCompile Include="Up.cpp">
      <Filter>Item</Filter>
    </ClCompile>
    <ClCompile Include="WeaponEnergyBig.cpp">
      <Filter>Item</Filter>
    </ClCompile>
    <ClCompile Include="WeaponEnergySmall.cpp">
      <Filter>Item</Filter>
    </ClCompile>
    <ClCompile Include="Yashichi.cpp">
      <Filter>Item</Filter>
    </ClCompile>
    <ClCompile Include="HPBar.cpp">
      <Filter>Menu</Filter>
    </ClCompile>
    <ClCompile Include="Door.cpp">
      <Filter>Objects</Filter>
    </ClCompile>
    <ClCompile Include="EnemyBullet.cpp">
      <Filter>Objects</Filter>
    </ClCompile>
    <ClCompile Include="ScoreBar.cpp">
      <Filter>Menu</Filter>
    </ClCompile>
    <ClCompile Include="BoardBar.cpp">
      <Filter>Menu</Filter>
    </ClCompile>
    <ClCompile Include="SelectionScreen.cpp">
      <Filter>Menu</Filter>
    </ClCompile>
    <ClCompile Include="SelectionRectangle.cpp">
      <Filter>Menu</Filter>
    </ClCompile>
    <ClCompile Include="Met.cpp">
      <Filter>Objects</Filter>
    </ClCompile>
  </ItemGroup>
  <ItemGroup>
    <ClInclude Include="Collision.h">
      <Filter>Framework</Filter>
    </ClInclude>
    <ClInclude Include="QuadTree.h">
      <Filter>Framework</Filter>
    </ClInclude>
    <ClInclude Include="QuadNode.h">
      <Filter>Framework</Filter>
    </ClInclude>
    <ClInclude Include="MGMCamera.h">
      <Filter>Framework</Filter>
    </ClInclude>
    <ClInclude Include="List.h">
      <Filter>Framework</Filter>
    </ClInclude>
    <ClInclude Include="Keyboard.h">
      <Filter>Framework</Filter>
    </ClInclude>
    <ClInclude Include="KEY.h">
      <Filter>Framework</Filter>
    </ClInclude>
    <ClInclude Include="MGMPoint.h">
      <Filter>Framework\BaseObject</Filter>
    </ClInclude>
    <ClInclude Include="MGMRectangle.h">
      <Filter>Framework\BaseObject</Filter>
    </ClInclude>
    <ClInclude Include="MGMObject.h">
      <Filter>Framework\BaseObject</Filter>
    </ClInclude>
    <ClInclude Include="MGMObjectsCategory.h">
      <Filter>Framework\BaseObject</Filter>
    </ClInclude>
    <ClInclude Include="MGMBox.h">
      <Filter>Framework\BaseObject</Filter>
    </ClInclude>
    <ClInclude Include="MGMMovableObject.h">
      <Filter>Framework\BaseObject</Filter>
    </ClInclude>
    <ClInclude Include="MGMTileMap.h">
      <Filter>Map</Filter>
    </ClInclude>
    <ClInclude Include="MGMMap.h">
      <Filter>Map</Filter>
    </ClInclude>
    <ClInclude Include="Config.h" />
    <ClInclude Include="MGMGame.h">
      <Filter>Game</Filter>
    </ClInclude>
    <ClInclude Include="MGMForm.h">
      <Filter>Game</Filter>
    </ClInclude>
    <ClInclude Include="MGMAnimation.h">
      <Filter>Framework\Sprite</Filter>
    </ClInclude>
    <ClInclude Include="MGMDirectXTool.h">
      <Filter>Framework\Sprite</Filter>
    </ClInclude>
    <ClInclude Include="MGMSprite.h">
      <Filter>Framework\Sprite</Filter>
    </ClInclude>
    <ClInclude Include="MGMSpriteManager.h">
      <Filter>Framework\Sprite</Filter>
    </ClInclude>
    <ClInclude Include="MGMTexture.h">
      <Filter>Framework\Sprite</Filter>
    </ClInclude>
    <ClInclude Include="MGMEnemy.h">
      <Filter>Framework\BaseObject</Filter>
    </ClInclude>
    <ClInclude Include="MGMGameTime.h">
      <Filter>Game</Filter>
    </ClInclude>
    <ClInclude Include="MGMStage.h">
      <Filter>Game</Filter>
    </ClInclude>
    <ClInclude Include="BigEye.h">
      <Filter>Objects</Filter>
    </ClInclude>
    <ClInclude Include="OctopusBattery.h">
      <Filter>Objects</Filter>
    </ClInclude>
    <ClInclude Include="PicketMan.h">
      <Filter>Objects</Filter>
    </ClInclude>
    <ClInclude Include="Megaman.h">
      <Filter>Objects</Filter>
    </ClInclude>
    <ClInclude Include="stairs.h">
      <Filter>Objects</Filter>
    </ClInclude>
    <ClInclude Include="MGMDelayTime.h">
      <Filter>Framework</Filter>
    </ClInclude>
    <ClInclude Include="MegamanBullet.h">
      <Filter>Objects</Filter>
    </ClInclude>
    <ClInclude Include="Blader.h">
      <Filter>Objects</Filter>
    </ClInclude>
    <ClInclude Include="Beak.h">
      <Filter>Objects</Filter>
    </ClInclude>
    <ClInclude Include="FlyingShell.h">
      <Filter>Objects</Filter>
    </ClInclude>
    <ClInclude Include="Flea.h">
      <Filter>Objects</Filter>
    </ClInclude>
    <ClInclude Include="ScrewBomber.h">
      <Filter>Objects</Filter>
    </ClInclude>
    <ClInclude Include="SuperCutter.h">
      <Filter>Objects</Filter>
    </ClInclude>
    <ClInclude Include="CutmanBullet.h">
      <Filter>Objects</Filter>
    </ClInclude>
    <ClInclude Include="CutMan.h">
      <Filter>Objects</Filter>
    </ClInclude>
    <ClInclude Include="MGMItem.h">
      <Filter>Framework\BaseObject</Filter>
    </ClInclude>
    <ClInclude Include="BonusBall.h">
      <Filter>Item</Filter>
    </ClInclude>
    <ClInclude Include="LifeEnergyBig.h">
      <Filter>Item</Filter>
    </ClInclude>
    <ClInclude Include="LifeEnergySmall.h">
      <Filter>Item</Filter>
    </ClInclude>
    <ClInclude Include="Up.h">
      <Filter>Item</Filter>
    </ClInclude>
    <ClInclude Include="WeaponEnergyBig.h">
      <Filter>Item</Filter>
    </ClInclude>
    <ClInclude Include="WeaponEnergySmall.h">
      <Filter>Item</Filter>
    </ClInclude>
    <ClInclude Include="Yashichi.h">
      <Filter>Item</Filter>
    </ClInclude>
    <ClInclude Include="HPBar.h">
      <Filter>Menu</Filter>
    </ClInclude>
    <ClInclude Include="Door.h">
      <Filter>Objects</Filter>
    </ClInclude>
    <ClInclude Include="EnemyBullet.h">
      <Filter>Objects</Filter>
    </ClInclude>
    <ClInclude Include="ScoreBar.h">
      <Filter>Menu</Filter>
    </ClInclude>
    <ClInclude Include="BoardBar.h">
      <Filter>Menu</Filter>
    </ClInclude>
    <ClInclude Include="SelectionScreen.h">
      <Filter>Menu</Filter>
    </ClInclude>
    <ClInclude Include="SelectionRectangle.h">
      <Filter>Menu</Filter>
    </ClInclude>
    <ClInclude Include="Met.h">
      <Filter>Objects</Filter>
    </ClInclude>
  </ItemGroup>
  <ItemGroup>
    <None Include="ClassDiagram.cd" />
  </ItemGroup>
</Project>